// !$*UTF8*$!
{
	archiveVersion = 1;
	classes = {
	};
	objectVersion = 46;
	objects = {

/* Begin PBXBuildFile section */
		160CE1661CF5E9FA00FA2813 /* AddInstructionsScreen.swift in Sources */ = {isa = PBXBuildFile; fileRef = 160CE1651CF5E9FA00FA2813 /* AddInstructionsScreen.swift */; };
		160CE1681CF61BD100FA2813 /* NameRecipeScreen.swift in Sources */ = {isa = PBXBuildFile; fileRef = 160CE1671CF61BD100FA2813 /* NameRecipeScreen.swift */; };
		1636B2811CF398DD001E2FED /* AddIngredientScreen.swift in Sources */ = {isa = PBXBuildFile; fileRef = 1636B2801CF398DD001E2FED /* AddIngredientScreen.swift */; };
		163FE5A11CFBB5D400782ECA /* Instruction.swift in Sources */ = {isa = PBXBuildFile; fileRef = 163FE5A01CFBB5D400782ECA /* Instruction.swift */; };
		163FE5A31CFBB81400782ECA /* Ingredient.swift in Sources */ = {isa = PBXBuildFile; fileRef = 163FE5A21CFBB81400782ECA /* Ingredient.swift */; };
		1681935C1CE15C6C00F0BAD1 /* AppDelegate.swift in Sources */ = {isa = PBXBuildFile; fileRef = 1681935B1CE15C6C00F0BAD1 /* AppDelegate.swift */; };
		168193631CE15C6C00F0BAD1 /* Assets.xcassets in Resources */ = {isa = PBXBuildFile; fileRef = 168193621CE15C6C00F0BAD1 /* Assets.xcassets */; };
		168193661CE15C6C00F0BAD1 /* LaunchScreen.storyboard in Resources */ = {isa = PBXBuildFile; fileRef = 168193641CE15C6C00F0BAD1 /* LaunchScreen.storyboard */; };
		168193711CE15C6C00F0BAD1 /* RecipesTests.swift in Sources */ = {isa = PBXBuildFile; fileRef = 168193701CE15C6C00F0BAD1 /* RecipesTests.swift */; };
		1681937C1CE15C6C00F0BAD1 /* RecipesUITests.swift in Sources */ = {isa = PBXBuildFile; fileRef = 1681937B1CE15C6C00F0BAD1 /* RecipesUITests.swift */; };
		1681938A1CE15C9000F0BAD1 /* MenuScreen.swift in Sources */ = {isa = PBXBuildFile; fileRef = 168193891CE15C9000F0BAD1 /* MenuScreen.swift */; };
		1681938C1CE288DD00F0BAD1 /* InitScreen.swift in Sources */ = {isa = PBXBuildFile; fileRef = 1681938B1CE288DD00F0BAD1 /* InitScreen.swift */; };
		168193901CECD11500F0BAD1 /* NewRecipeScreen.swift in Sources */ = {isa = PBXBuildFile; fileRef = 1681938F1CECD11500F0BAD1 /* NewRecipeScreen.swift */; };
		411733E61CE2857100726866 /* Recipe.swift in Sources */ = {isa = PBXBuildFile; fileRef = 411733E51CE2857100726866 /* Recipe.swift */; };
		41EFE5C91CEA4350006A7601 /* MyRecipesScreen.swift in Sources */ = {isa = PBXBuildFile; fileRef = 41EFE5C81CEA4350006A7601 /* MyRecipesScreen.swift */; };
		82FC25C11CFCD8A0002B460C /* StoredRecipeScreen.swift in Sources */ = {isa = PBXBuildFile; fileRef = 82FC25C01CFCD8A0002B460C /* StoredRecipeScreen.swift */; };
		A994FD29696DB713E12043AD /* Pods_RecipesTests.framework in Frameworks */ = {isa = PBXBuildFile; fileRef = EBBC4C02CE28A5791717B7B8 /* Pods_RecipesTests.framework */; };
		B5EA8EDE3DC40086422A74F4 /* Pods_Recipes.framework in Frameworks */ = {isa = PBXBuildFile; fileRef = 9050EF964D68B21F3CAA8301 /* Pods_Recipes.framework */; };
		EA8769CCEBA011FA9EC8ECB4 /* Pods_RecipesUITests.framework in Frameworks */ = {isa = PBXBuildFile; fileRef = 81B345A9BE6BF69FDDE3DEA1 /* Pods_RecipesUITests.framework */; };
/* End PBXBuildFile section */

/* Begin PBXContainerItemProxy section */
		1681936D1CE15C6C00F0BAD1 /* PBXContainerItemProxy */ = {
			isa = PBXContainerItemProxy;
			containerPortal = 168193501CE15C6C00F0BAD1 /* Project object */;
			proxyType = 1;
			remoteGlobalIDString = 168193571CE15C6C00F0BAD1;
			remoteInfo = Recipes;
		};
		168193781CE15C6C00F0BAD1 /* PBXContainerItemProxy */ = {
			isa = PBXContainerItemProxy;
			containerPortal = 168193501CE15C6C00F0BAD1 /* Project object */;
			proxyType = 1;
			remoteGlobalIDString = 168193571CE15C6C00F0BAD1;
			remoteInfo = Recipes;
		};
/* End PBXContainerItemProxy section */

/* Begin PBXFileReference section */
		160CE1651CF5E9FA00FA2813 /* AddInstructionsScreen.swift */ = {isa = PBXFileReference; fileEncoding = 4; lastKnownFileType = sourcecode.swift; path = AddInstructionsScreen.swift; sourceTree = "<group>"; };
		160CE1671CF61BD100FA2813 /* NameRecipeScreen.swift */ = {isa = PBXFileReference; fileEncoding = 4; lastKnownFileType = sourcecode.swift; path = NameRecipeScreen.swift; sourceTree = "<group>"; };
		1636B2801CF398DD001E2FED /* AddIngredientScreen.swift */ = {isa = PBXFileReference; fileEncoding = 4; lastKnownFileType = sourcecode.swift; path = AddIngredientScreen.swift; sourceTree = "<group>"; };
		163FE5A01CFBB5D400782ECA /* Instruction.swift */ = {isa = PBXFileReference; fileEncoding = 4; lastKnownFileType = sourcecode.swift; path = Instruction.swift; sourceTree = "<group>"; };
		163FE5A21CFBB81400782ECA /* Ingredient.swift */ = {isa = PBXFileReference; fileEncoding = 4; lastKnownFileType = sourcecode.swift; path = Ingredient.swift; sourceTree = "<group>"; };
		168193581CE15C6C00F0BAD1 /* Recipes.app */ = {isa = PBXFileReference; explicitFileType = wrapper.application; includeInIndex = 0; path = Recipes.app; sourceTree = BUILT_PRODUCTS_DIR; };
		1681935B1CE15C6C00F0BAD1 /* AppDelegate.swift */ = {isa = PBXFileReference; lastKnownFileType = sourcecode.swift; path = AppDelegate.swift; sourceTree = "<group>"; };
		168193621CE15C6C00F0BAD1 /* Assets.xcassets */ = {isa = PBXFileReference; lastKnownFileType = folder.assetcatalog; path = Assets.xcassets; sourceTree = "<group>"; };
		168193651CE15C6C00F0BAD1 /* Base */ = {isa = PBXFileReference; lastKnownFileType = file.storyboard; name = Base; path = Base.lproj/LaunchScreen.storyboard; sourceTree = "<group>"; };
		168193671CE15C6C00F0BAD1 /* Info.plist */ = {isa = PBXFileReference; lastKnownFileType = text.plist.xml; path = Info.plist; sourceTree = "<group>"; };
		1681936C1CE15C6C00F0BAD1 /* RecipesTests.xctest */ = {isa = PBXFileReference; explicitFileType = wrapper.cfbundle; includeInIndex = 0; path = RecipesTests.xctest; sourceTree = BUILT_PRODUCTS_DIR; };
		168193701CE15C6C00F0BAD1 /* RecipesTests.swift */ = {isa = PBXFileReference; lastKnownFileType = sourcecode.swift; path = RecipesTests.swift; sourceTree = "<group>"; };
		168193721CE15C6C00F0BAD1 /* Info.plist */ = {isa = PBXFileReference; lastKnownFileType = text.plist.xml; path = Info.plist; sourceTree = "<group>"; };
		168193771CE15C6C00F0BAD1 /* RecipesUITests.xctest */ = {isa = PBXFileReference; explicitFileType = wrapper.cfbundle; includeInIndex = 0; path = RecipesUITests.xctest; sourceTree = BUILT_PRODUCTS_DIR; };
		1681937B1CE15C6C00F0BAD1 /* RecipesUITests.swift */ = {isa = PBXFileReference; lastKnownFileType = sourcecode.swift; path = RecipesUITests.swift; sourceTree = "<group>"; };
		1681937D1CE15C6C00F0BAD1 /* Info.plist */ = {isa = PBXFileReference; lastKnownFileType = text.plist.xml; path = Info.plist; sourceTree = "<group>"; };
		168193891CE15C9000F0BAD1 /* MenuScreen.swift */ = {isa = PBXFileReference; fileEncoding = 4; lastKnownFileType = sourcecode.swift; name = MenuScreen.swift; path = ../MenuScreen.swift; sourceTree = "<group>"; };
		1681938B1CE288DD00F0BAD1 /* InitScreen.swift */ = {isa = PBXFileReference; fileEncoding = 4; lastKnownFileType = sourcecode.swift; name = InitScreen.swift; path = ../InitScreen.swift; sourceTree = "<group>"; };
		1681938F1CECD11500F0BAD1 /* NewRecipeScreen.swift */ = {isa = PBXFileReference; fileEncoding = 4; lastKnownFileType = sourcecode.swift; path = NewRecipeScreen.swift; sourceTree = "<group>"; };
		1A50915AD3862285BAFDCC71 /* Pods-Recipes.release.xcconfig */ = {isa = PBXFileReference; includeInIndex = 1; lastKnownFileType = text.xcconfig; name = "Pods-Recipes.release.xcconfig"; path = "Pods/Target Support Files/Pods-Recipes/Pods-Recipes.release.xcconfig"; sourceTree = "<group>"; };
		210E1A3BB1B0552899ACE504 /* Pods-RecipesTests.debug.xcconfig */ = {isa = PBXFileReference; includeInIndex = 1; lastKnownFileType = text.xcconfig; name = "Pods-RecipesTests.debug.xcconfig"; path = "Pods/Target Support Files/Pods-RecipesTests/Pods-RecipesTests.debug.xcconfig"; sourceTree = "<group>"; };
		2E0B812DABEF292FDA1F49C3 /* Pods-RecipesUITests.debug.xcconfig */ = {isa = PBXFileReference; includeInIndex = 1; lastKnownFileType = text.xcconfig; name = "Pods-RecipesUITests.debug.xcconfig"; path = "Pods/Target Support Files/Pods-RecipesUITests/Pods-RecipesUITests.debug.xcconfig"; sourceTree = "<group>"; };
		411733E51CE2857100726866 /* Recipe.swift */ = {isa = PBXFileReference; fileEncoding = 4; lastKnownFileType = sourcecode.swift; path = Recipe.swift; sourceTree = "<group>"; };
		41EFE5C81CEA4350006A7601 /* MyRecipesScreen.swift */ = {isa = PBXFileReference; fileEncoding = 4; lastKnownFileType = sourcecode.swift; path = MyRecipesScreen.swift; sourceTree = "<group>"; };
		4D281165AEC2024FCB8B59C9 /* Pods-RecipesUITests.release.xcconfig */ = {isa = PBXFileReference; includeInIndex = 1; lastKnownFileType = text.xcconfig; name = "Pods-RecipesUITests.release.xcconfig"; path = "Pods/Target Support Files/Pods-RecipesUITests/Pods-RecipesUITests.release.xcconfig"; sourceTree = "<group>"; };
		4FD873636E2B48DE52370B4B /* Pods-Recipes.debug.xcconfig */ = {isa = PBXFileReference; includeInIndex = 1; lastKnownFileType = text.xcconfig; name = "Pods-Recipes.debug.xcconfig"; path = "Pods/Target Support Files/Pods-Recipes/Pods-Recipes.debug.xcconfig"; sourceTree = "<group>"; };
		81B345A9BE6BF69FDDE3DEA1 /* Pods_RecipesUITests.framework */ = {isa = PBXFileReference; explicitFileType = wrapper.framework; includeInIndex = 0; path = Pods_RecipesUITests.framework; sourceTree = BUILT_PRODUCTS_DIR; };
		82FC25C01CFCD8A0002B460C /* StoredRecipeScreen.swift */ = {isa = PBXFileReference; fileEncoding = 4; lastKnownFileType = sourcecode.swift; path = StoredRecipeScreen.swift; sourceTree = "<group>"; };
		9050EF964D68B21F3CAA8301 /* Pods_Recipes.framework */ = {isa = PBXFileReference; explicitFileType = wrapper.framework; includeInIndex = 0; path = Pods_Recipes.framework; sourceTree = BUILT_PRODUCTS_DIR; };
		E260F663872B40DC5889417A /* Pods-RecipesTests.release.xcconfig */ = {isa = PBXFileReference; includeInIndex = 1; lastKnownFileType = text.xcconfig; name = "Pods-RecipesTests.release.xcconfig"; path = "Pods/Target Support Files/Pods-RecipesTests/Pods-RecipesTests.release.xcconfig"; sourceTree = "<group>"; };
		EBBC4C02CE28A5791717B7B8 /* Pods_RecipesTests.framework */ = {isa = PBXFileReference; explicitFileType = wrapper.framework; includeInIndex = 0; path = Pods_RecipesTests.framework; sourceTree = BUILT_PRODUCTS_DIR; };
/* End PBXFileReference section */

/* Begin PBXFrameworksBuildPhase section */
		168193551CE15C6C00F0BAD1 /* Frameworks */ = {
			isa = PBXFrameworksBuildPhase;
			buildActionMask = 2147483647;
			files = (
				B5EA8EDE3DC40086422A74F4 /* Pods_Recipes.framework in Frameworks */,
			);
			runOnlyForDeploymentPostprocessing = 0;
		};
		168193691CE15C6C00F0BAD1 /* Frameworks */ = {
			isa = PBXFrameworksBuildPhase;
			buildActionMask = 2147483647;
			files = (
				A994FD29696DB713E12043AD /* Pods_RecipesTests.framework in Frameworks */,
			);
			runOnlyForDeploymentPostprocessing = 0;
		};
		168193741CE15C6C00F0BAD1 /* Frameworks */ = {
			isa = PBXFrameworksBuildPhase;
			buildActionMask = 2147483647;
			files = (
				EA8769CCEBA011FA9EC8ECB4 /* Pods_RecipesUITests.framework in Frameworks */,
			);
			runOnlyForDeploymentPostprocessing = 0;
		};
/* End PBXFrameworksBuildPhase section */

/* Begin PBXGroup section */
		1681934F1CE15C6C00F0BAD1 = {
			isa = PBXGroup;
			children = (
				1681935A1CE15C6C00F0BAD1 /* Recipes */,
				1681936F1CE15C6C00F0BAD1 /* RecipesTests */,
				1681937A1CE15C6C00F0BAD1 /* RecipesUITests */,
				168193591CE15C6C00F0BAD1 /* Products */,
				ECE35050A00B766CAF20993D /* Pods */,
				6AAA11352F1776D8EEB9DC6C /* Frameworks */,
			);
			sourceTree = "<group>";
		};
		168193591CE15C6C00F0BAD1 /* Products */ = {
			isa = PBXGroup;
			children = (
				168193581CE15C6C00F0BAD1 /* Recipes.app */,
				1681936C1CE15C6C00F0BAD1 /* RecipesTests.xctest */,
				168193771CE15C6C00F0BAD1 /* RecipesUITests.xctest */,
			);
			name = Products;
			sourceTree = "<group>";
		};
		1681935A1CE15C6C00F0BAD1 /* Recipes */ = {
			isa = PBXGroup;
			children = (
				1681938B1CE288DD00F0BAD1 /* InitScreen.swift */,
				168193891CE15C9000F0BAD1 /* MenuScreen.swift */,
				1681938F1CECD11500F0BAD1 /* NewRecipeScreen.swift */,
				82FC25C01CFCD8A0002B460C /* StoredRecipeScreen.swift */,
				160CE1671CF61BD100FA2813 /* NameRecipeScreen.swift */,
				1636B2801CF398DD001E2FED /* AddIngredientScreen.swift */,
				163FE5A21CFBB81400782ECA /* Ingredient.swift */,
				163FE5A01CFBB5D400782ECA /* Instruction.swift */,
				160CE1651CF5E9FA00FA2813 /* AddInstructionsScreen.swift */,
				411733E51CE2857100726866 /* Recipe.swift */,
				1681935B1CE15C6C00F0BAD1 /* AppDelegate.swift */,
				168193621CE15C6C00F0BAD1 /* Assets.xcassets */,
				168193641CE15C6C00F0BAD1 /* LaunchScreen.storyboard */,
				168193671CE15C6C00F0BAD1 /* Info.plist */,
				41EFE5C81CEA4350006A7601 /* MyRecipesScreen.swift */,
			);
			path = Recipes;
			sourceTree = "<group>";
		};
		1681936F1CE15C6C00F0BAD1 /* RecipesTests */ = {
			isa = PBXGroup;
			children = (
				168193701CE15C6C00F0BAD1 /* RecipesTests.swift */,
				168193721CE15C6C00F0BAD1 /* Info.plist */,
			);
			path = RecipesTests;
			sourceTree = "<group>";
		};
		1681937A1CE15C6C00F0BAD1 /* RecipesUITests */ = {
			isa = PBXGroup;
			children = (
				1681937B1CE15C6C00F0BAD1 /* RecipesUITests.swift */,
				1681937D1CE15C6C00F0BAD1 /* Info.plist */,
			);
			path = RecipesUITests;
			sourceTree = "<group>";
		};
		6AAA11352F1776D8EEB9DC6C /* Frameworks */ = {
			isa = PBXGroup;
			children = (
				9050EF964D68B21F3CAA8301 /* Pods_Recipes.framework */,
				EBBC4C02CE28A5791717B7B8 /* Pods_RecipesTests.framework */,
				81B345A9BE6BF69FDDE3DEA1 /* Pods_RecipesUITests.framework */,
			);
			name = Frameworks;
			sourceTree = "<group>";
		};
		ECE35050A00B766CAF20993D /* Pods */ = {
			isa = PBXGroup;
			children = (
				4FD873636E2B48DE52370B4B /* Pods-Recipes.debug.xcconfig */,
				1A50915AD3862285BAFDCC71 /* Pods-Recipes.release.xcconfig */,
				210E1A3BB1B0552899ACE504 /* Pods-RecipesTests.debug.xcconfig */,
				E260F663872B40DC5889417A /* Pods-RecipesTests.release.xcconfig */,
				2E0B812DABEF292FDA1F49C3 /* Pods-RecipesUITests.debug.xcconfig */,
				4D281165AEC2024FCB8B59C9 /* Pods-RecipesUITests.release.xcconfig */,
			);
			name = Pods;
			sourceTree = "<group>";
		};
/* End PBXGroup section */

/* Begin PBXNativeTarget section */
		168193571CE15C6C00F0BAD1 /* Recipes */ = {
			isa = PBXNativeTarget;
			buildConfigurationList = 168193801CE15C6C00F0BAD1 /* Build configuration list for PBXNativeTarget "Recipes" */;
			buildPhases = (
				138BE77B3A9EEBC0FD79F550 /* 📦 Check Pods Manifest.lock */,
				168193541CE15C6C00F0BAD1 /* Sources */,
				168193551CE15C6C00F0BAD1 /* Frameworks */,
				168193561CE15C6C00F0BAD1 /* Resources */,
				CA0699FAA79AF55D0D205234 /* 📦 Embed Pods Frameworks */,
				86F9794D55CBA882A4C23C1D /* 📦 Copy Pods Resources */,
			);
			buildRules = (
			);
			dependencies = (
			);
			name = Recipes;
			productName = Recipes;
			productReference = 168193581CE15C6C00F0BAD1 /* Recipes.app */;
			productType = "com.apple.product-type.application";
		};
		1681936B1CE15C6C00F0BAD1 /* RecipesTests */ = {
			isa = PBXNativeTarget;
			buildConfigurationList = 168193831CE15C6C00F0BAD1 /* Build configuration list for PBXNativeTarget "RecipesTests" */;
			buildPhases = (
				C6EBD8D52D805836714AF480 /* 📦 Check Pods Manifest.lock */,
				168193681CE15C6C00F0BAD1 /* Sources */,
				168193691CE15C6C00F0BAD1 /* Frameworks */,
				1681936A1CE15C6C00F0BAD1 /* Resources */,
				7C2DE4041F5B80645AABB3E2 /* 📦 Embed Pods Frameworks */,
				16259FB9EFCD52FF8A898261 /* 📦 Copy Pods Resources */,
			);
			buildRules = (
			);
			dependencies = (
				1681936E1CE15C6C00F0BAD1 /* PBXTargetDependency */,
			);
			name = RecipesTests;
			productName = RecipesTests;
			productReference = 1681936C1CE15C6C00F0BAD1 /* RecipesTests.xctest */;
			productType = "com.apple.product-type.bundle.unit-test";
		};
		168193761CE15C6C00F0BAD1 /* RecipesUITests */ = {
			isa = PBXNativeTarget;
			buildConfigurationList = 168193861CE15C6C00F0BAD1 /* Build configuration list for PBXNativeTarget "RecipesUITests" */;
			buildPhases = (
				3461B3A491E0944A628AFC77 /* 📦 Check Pods Manifest.lock */,
				168193731CE15C6C00F0BAD1 /* Sources */,
				168193741CE15C6C00F0BAD1 /* Frameworks */,
				168193751CE15C6C00F0BAD1 /* Resources */,
				55CBB82ECAAD88357C52EBA6 /* 📦 Copy Pods Resources */,
			);
			buildRules = (
			);
			dependencies = (
				168193791CE15C6C00F0BAD1 /* PBXTargetDependency */,
			);
			name = RecipesUITests;
			productName = RecipesUITests;
			productReference = 168193771CE15C6C00F0BAD1 /* RecipesUITests.xctest */;
			productType = "com.apple.product-type.bundle.ui-testing";
		};
/* End PBXNativeTarget section */

/* Begin PBXProject section */
		168193501CE15C6C00F0BAD1 /* Project object */ = {
			isa = PBXProject;
			attributes = {
				LastSwiftUpdateCheck = 0730;
				LastUpgradeCheck = 0730;
				ORGANIZATIONNAME = JAJ;
				TargetAttributes = {
					168193571CE15C6C00F0BAD1 = {
						CreatedOnToolsVersion = 7.3;
					};
					1681936B1CE15C6C00F0BAD1 = {
						CreatedOnToolsVersion = 7.3;
						TestTargetID = 168193571CE15C6C00F0BAD1;
					};
					168193761CE15C6C00F0BAD1 = {
						CreatedOnToolsVersion = 7.3;
						TestTargetID = 168193571CE15C6C00F0BAD1;
					};
				};
			};
			buildConfigurationList = 168193531CE15C6C00F0BAD1 /* Build configuration list for PBXProject "Recipes" */;
			compatibilityVersion = "Xcode 3.2";
			developmentRegion = English;
			hasScannedForEncodings = 0;
			knownRegions = (
				en,
				Base,
			);
			mainGroup = 1681934F1CE15C6C00F0BAD1;
			productRefGroup = 168193591CE15C6C00F0BAD1 /* Products */;
			projectDirPath = "";
			projectRoot = "";
			targets = (
				168193571CE15C6C00F0BAD1 /* Recipes */,
				1681936B1CE15C6C00F0BAD1 /* RecipesTests */,
				168193761CE15C6C00F0BAD1 /* RecipesUITests */,
			);
		};
/* End PBXProject section */

/* Begin PBXResourcesBuildPhase section */
		168193561CE15C6C00F0BAD1 /* Resources */ = {
			isa = PBXResourcesBuildPhase;
			buildActionMask = 2147483647;
			files = (
				168193661CE15C6C00F0BAD1 /* LaunchScreen.storyboard in Resources */,
				168193631CE15C6C00F0BAD1 /* Assets.xcassets in Resources */,
			);
			runOnlyForDeploymentPostprocessing = 0;
		};
		1681936A1CE15C6C00F0BAD1 /* Resources */ = {
			isa = PBXResourcesBuildPhase;
			buildActionMask = 2147483647;
			files = (
			);
			runOnlyForDeploymentPostprocessing = 0;
		};
		168193751CE15C6C00F0BAD1 /* Resources */ = {
			isa = PBXResourcesBuildPhase;
			buildActionMask = 2147483647;
			files = (
			);
			runOnlyForDeploymentPostprocessing = 0;
		};
/* End PBXResourcesBuildPhase section */

/* Begin PBXShellScriptBuildPhase section */
		138BE77B3A9EEBC0FD79F550 /* 📦 Check Pods Manifest.lock */ = {
			isa = PBXShellScriptBuildPhase;
			buildActionMask = 2147483647;
			files = (
			);
			inputPaths = (
			);
			name = "📦 Check Pods Manifest.lock";
			outputPaths = (
			);
			runOnlyForDeploymentPostprocessing = 0;
			shellPath = /bin/sh;
			shellScript = "diff \"${PODS_ROOT}/../Podfile.lock\" \"${PODS_ROOT}/Manifest.lock\" > /dev/null\nif [[ $? != 0 ]] ; then\n    cat << EOM\nerror: The sandbox is not in sync with the Podfile.lock. Run 'pod install' or update your CocoaPods installation.\nEOM\n    exit 1\nfi\n";
			showEnvVarsInLog = 0;
		};
		16259FB9EFCD52FF8A898261 /* 📦 Copy Pods Resources */ = {
			isa = PBXShellScriptBuildPhase;
			buildActionMask = 2147483647;
			files = (
			);
			inputPaths = (
			);
			name = "📦 Copy Pods Resources";
			outputPaths = (
			);
			runOnlyForDeploymentPostprocessing = 0;
			shellPath = /bin/sh;
			shellScript = "\"${SRCROOT}/Pods/Target Support Files/Pods-RecipesTests/Pods-RecipesTests-resources.sh\"\n";
			showEnvVarsInLog = 0;
		};
		3461B3A491E0944A628AFC77 /* 📦 Check Pods Manifest.lock */ = {
			isa = PBXShellScriptBuildPhase;
			buildActionMask = 2147483647;
			files = (
			);
			inputPaths = (
			);
			name = "📦 Check Pods Manifest.lock";
			outputPaths = (
			);
			runOnlyForDeploymentPostprocessing = 0;
			shellPath = /bin/sh;
			shellScript = "diff \"${PODS_ROOT}/../Podfile.lock\" \"${PODS_ROOT}/Manifest.lock\" > /dev/null\nif [[ $? != 0 ]] ; then\n    cat << EOM\nerror: The sandbox is not in sync with the Podfile.lock. Run 'pod install' or update your CocoaPods installation.\nEOM\n    exit 1\nfi\n";
			showEnvVarsInLog = 0;
		};
		55CBB82ECAAD88357C52EBA6 /* 📦 Copy Pods Resources */ = {
			isa = PBXShellScriptBuildPhase;
			buildActionMask = 2147483647;
			files = (
			);
			inputPaths = (
			);
			name = "📦 Copy Pods Resources";
			outputPaths = (
			);
			runOnlyForDeploymentPostprocessing = 0;
			shellPath = /bin/sh;
			shellScript = "\"${SRCROOT}/Pods/Target Support Files/Pods-RecipesUITests/Pods-RecipesUITests-resources.sh\"\n";
			showEnvVarsInLog = 0;
		};
		7C2DE4041F5B80645AABB3E2 /* 📦 Embed Pods Frameworks */ = {
			isa = PBXShellScriptBuildPhase;
			buildActionMask = 2147483647;
			files = (
			);
			inputPaths = (
			);
			name = "📦 Embed Pods Frameworks";
			outputPaths = (
			);
			runOnlyForDeploymentPostprocessing = 0;
			shellPath = /bin/sh;
			shellScript = "\"${SRCROOT}/Pods/Target Support Files/Pods-RecipesTests/Pods-RecipesTests-frameworks.sh\"\n";
			showEnvVarsInLog = 0;
		};
		86F9794D55CBA882A4C23C1D /* 📦 Copy Pods Resources */ = {
			isa = PBXShellScriptBuildPhase;
			buildActionMask = 2147483647;
			files = (
			);
			inputPaths = (
			);
			name = "📦 Copy Pods Resources";
			outputPaths = (
			);
			runOnlyForDeploymentPostprocessing = 0;
			shellPath = /bin/sh;
			shellScript = "\"${SRCROOT}/Pods/Target Support Files/Pods-Recipes/Pods-Recipes-resources.sh\"\n";
			showEnvVarsInLog = 0;
		};
		C6EBD8D52D805836714AF480 /* 📦 Check Pods Manifest.lock */ = {
			isa = PBXShellScriptBuildPhase;
			buildActionMask = 2147483647;
			files = (
			);
			inputPaths = (
			);
			name = "📦 Check Pods Manifest.lock";
			outputPaths = (
			);
			runOnlyForDeploymentPostprocessing = 0;
			shellPath = /bin/sh;
			shellScript = "diff \"${PODS_ROOT}/../Podfile.lock\" \"${PODS_ROOT}/Manifest.lock\" > /dev/null\nif [[ $? != 0 ]] ; then\n    cat << EOM\nerror: The sandbox is not in sync with the Podfile.lock. Run 'pod install' or update your CocoaPods installation.\nEOM\n    exit 1\nfi\n";
			showEnvVarsInLog = 0;
		};
		CA0699FAA79AF55D0D205234 /* 📦 Embed Pods Frameworks */ = {
			isa = PBXShellScriptBuildPhase;
			buildActionMask = 2147483647;
			files = (
			);
			inputPaths = (
			);
			name = "📦 Embed Pods Frameworks";
			outputPaths = (
			);
			runOnlyForDeploymentPostprocessing = 0;
			shellPath = /bin/sh;
			shellScript = "\"${SRCROOT}/Pods/Target Support Files/Pods-Recipes/Pods-Recipes-frameworks.sh\"\n";
			showEnvVarsInLog = 0;
		};
/* End PBXShellScriptBuildPhase section */

/* Begin PBXSourcesBuildPhase section */
		168193541CE15C6C00F0BAD1 /* Sources */ = {
			isa = PBXSourcesBuildPhase;
			buildActionMask = 2147483647;
			files = (
				160CE1681CF61BD100FA2813 /* NameRecipeScreen.swift in Sources */,
				163FE5A31CFBB81400782ECA /* Ingredient.swift in Sources */,
				82FC25C11CFCD8A0002B460C /* StoredRecipeScreen.swift in Sources */,
				1681938A1CE15C9000F0BAD1 /* MenuScreen.swift in Sources */,
				168193901CECD11500F0BAD1 /* NewRecipeScreen.swift in Sources */,
				1681938C1CE288DD00F0BAD1 /* InitScreen.swift in Sources */,
				41EFE5C91CEA4350006A7601 /* MyRecipesScreen.swift in Sources */,
				1636B2811CF398DD001E2FED /* AddIngredientScreen.swift in Sources */,
				411733E61CE2857100726866 /* Recipe.swift in Sources */,
				163FE5A11CFBB5D400782ECA /* Instruction.swift in Sources */,
				160CE1661CF5E9FA00FA2813 /* AddInstructionsScreen.swift in Sources */,
				1681935C1CE15C6C00F0BAD1 /* AppDelegate.swift in Sources */,
			);
			runOnlyForDeploymentPostprocessing = 0;
		};
		168193681CE15C6C00F0BAD1 /* Sources */ = {
			isa = PBXSourcesBuildPhase;
			buildActionMask = 2147483647;
			files = (
				168193711CE15C6C00F0BAD1 /* RecipesTests.swift in Sources */,
			);
			runOnlyForDeploymentPostprocessing = 0;
		};
		168193731CE15C6C00F0BAD1 /* Sources */ = {
			isa = PBXSourcesBuildPhase;
			buildActionMask = 2147483647;
			files = (
				1681937C1CE15C6C00F0BAD1 /* RecipesUITests.swift in Sources */,
			);
			runOnlyForDeploymentPostprocessing = 0;
		};
/* End PBXSourcesBuildPhase section */

/* Begin PBXTargetDependency section */
		1681936E1CE15C6C00F0BAD1 /* PBXTargetDependency */ = {
			isa = PBXTargetDependency;
			target = 168193571CE15C6C00F0BAD1 /* Recipes */;
			targetProxy = 1681936D1CE15C6C00F0BAD1 /* PBXContainerItemProxy */;
		};
		168193791CE15C6C00F0BAD1 /* PBXTargetDependency */ = {
			isa = PBXTargetDependency;
			target = 168193571CE15C6C00F0BAD1 /* Recipes */;
			targetProxy = 168193781CE15C6C00F0BAD1 /* PBXContainerItemProxy */;
		};
/* End PBXTargetDependency section */

/* Begin PBXVariantGroup section */
		168193641CE15C6C00F0BAD1 /* LaunchScreen.storyboard */ = {
			isa = PBXVariantGroup;
			children = (
				168193651CE15C6C00F0BAD1 /* Base */,
			);
			name = LaunchScreen.storyboard;
			sourceTree = "<group>";
		};
/* End PBXVariantGroup section */

/* Begin XCBuildConfiguration section */
		1681937E1CE15C6C00F0BAD1 /* Debug */ = {
			isa = XCBuildConfiguration;
			buildSettings = {
				ALWAYS_SEARCH_USER_PATHS = NO;
				CLANG_ANALYZER_NONNULL = YES;
				CLANG_CXX_LANGUAGE_STANDARD = "gnu++0x";
				CLANG_CXX_LIBRARY = "libc++";
				CLANG_ENABLE_MODULES = YES;
				CLANG_ENABLE_OBJC_ARC = YES;
				CLANG_WARN_BOOL_CONVERSION = YES;
				CLANG_WARN_CONSTANT_CONVERSION = YES;
				CLANG_WARN_DIRECT_OBJC_ISA_USAGE = YES_ERROR;
				CLANG_WARN_EMPTY_BODY = YES;
				CLANG_WARN_ENUM_CONVERSION = YES;
				CLANG_WARN_INT_CONVERSION = YES;
				CLANG_WARN_OBJC_ROOT_CLASS = YES_ERROR;
				CLANG_WARN_UNREACHABLE_CODE = YES;
				CLANG_WARN__DUPLICATE_METHOD_MATCH = YES;
				"CODE_SIGN_IDENTITY[sdk=iphoneos*]" = "iPhone Developer";
				COPY_PHASE_STRIP = NO;
				DEBUG_INFORMATION_FORMAT = dwarf;
				ENABLE_STRICT_OBJC_MSGSEND = YES;
				ENABLE_TESTABILITY = YES;
				GCC_C_LANGUAGE_STANDARD = gnu99;
				GCC_DYNAMIC_NO_PIC = NO;
				GCC_NO_COMMON_BLOCKS = YES;
				GCC_OPTIMIZATION_LEVEL = 0;
				GCC_PREPROCESSOR_DEFINITIONS = (
					"DEBUG=1",
					"$(inherited)",
				);
				GCC_WARN_64_TO_32_BIT_CONVERSION = YES;
				GCC_WARN_ABOUT_RETURN_TYPE = YES_ERROR;
				GCC_WARN_UNDECLARED_SELECTOR = YES;
				GCC_WARN_UNINITIALIZED_AUTOS = YES_AGGRESSIVE;
				GCC_WARN_UNUSED_FUNCTION = YES;
				GCC_WARN_UNUSED_VARIABLE = YES;
				IPHONEOS_DEPLOYMENT_TARGET = 9.3;
				MTL_ENABLE_DEBUG_INFO = YES;
				ONLY_ACTIVE_ARCH = YES;
				SDKROOT = iphoneos;
				SWIFT_OPTIMIZATION_LEVEL = "-Onone";
			};
			name = Debug;
		};
		1681937F1CE15C6C00F0BAD1 /* Release */ = {
			isa = XCBuildConfiguration;
			buildSettings = {
				ALWAYS_SEARCH_USER_PATHS = NO;
				CLANG_ANALYZER_NONNULL = YES;
				CLANG_CXX_LANGUAGE_STANDARD = "gnu++0x";
				CLANG_CXX_LIBRARY = "libc++";
				CLANG_ENABLE_MODULES = YES;
				CLANG_ENABLE_OBJC_ARC = YES;
				CLANG_WARN_BOOL_CONVERSION = YES;
				CLANG_WARN_CONSTANT_CONVERSION = YES;
				CLANG_WARN_DIRECT_OBJC_ISA_USAGE = YES_ERROR;
				CLANG_WARN_EMPTY_BODY = YES;
				CLANG_WARN_ENUM_CONVERSION = YES;
				CLANG_WARN_INT_CONVERSION = YES;
				CLANG_WARN_OBJC_ROOT_CLASS = YES_ERROR;
				CLANG_WARN_UNREACHABLE_CODE = YES;
				CLANG_WARN__DUPLICATE_METHOD_MATCH = YES;
				"CODE_SIGN_IDENTITY[sdk=iphoneos*]" = "iPhone Developer";
				COPY_PHASE_STRIP = NO;
				DEBUG_INFORMATION_FORMAT = "dwarf-with-dsym";
				ENABLE_NS_ASSERTIONS = NO;
				ENABLE_STRICT_OBJC_MSGSEND = YES;
				GCC_C_LANGUAGE_STANDARD = gnu99;
				GCC_NO_COMMON_BLOCKS = YES;
				GCC_WARN_64_TO_32_BIT_CONVERSION = YES;
				GCC_WARN_ABOUT_RETURN_TYPE = YES_ERROR;
				GCC_WARN_UNDECLARED_SELECTOR = YES;
				GCC_WARN_UNINITIALIZED_AUTOS = YES_AGGRESSIVE;
				GCC_WARN_UNUSED_FUNCTION = YES;
				GCC_WARN_UNUSED_VARIABLE = YES;
				IPHONEOS_DEPLOYMENT_TARGET = 9.3;
				MTL_ENABLE_DEBUG_INFO = NO;
				SDKROOT = iphoneos;
				VALIDATE_PRODUCT = YES;
			};
			name = Release;
		};
		168193811CE15C6C00F0BAD1 /* Debug */ = {
			isa = XCBuildConfiguration;
			baseConfigurationReference = 4FD873636E2B48DE52370B4B /* Pods-Recipes.debug.xcconfig */;
			buildSettings = {
				ASSETCATALOG_COMPILER_APPICON_NAME = AppIcon;
				INFOPLIST_FILE = Recipes/Info.plist;
				LD_RUNPATH_SEARCH_PATHS = "$(inherited) @executable_path/Frameworks";
				PRODUCT_BUNDLE_IDENTIFIER = JAJ.Recipes;
				PRODUCT_NAME = "$(TARGET_NAME)";
			};
			name = Debug;
		};
		168193821CE15C6C00F0BAD1 /* Release */ = {
			isa = XCBuildConfiguration;
			baseConfigurationReference = 1A50915AD3862285BAFDCC71 /* Pods-Recipes.release.xcconfig */;
			buildSettings = {
				ASSETCATALOG_COMPILER_APPICON_NAME = AppIcon;
				INFOPLIST_FILE = Recipes/Info.plist;
				LD_RUNPATH_SEARCH_PATHS = "$(inherited) @executable_path/Frameworks";
				PRODUCT_BUNDLE_IDENTIFIER = JAJ.Recipes;
				PRODUCT_NAME = "$(TARGET_NAME)";
			};
			name = Release;
		};
		168193841CE15C6C00F0BAD1 /* Debug */ = {
			isa = XCBuildConfiguration;
			baseConfigurationReference = 210E1A3BB1B0552899ACE504 /* Pods-RecipesTests.debug.xcconfig */;
			buildSettings = {
				BUNDLE_LOADER = "$(TEST_HOST)";
				INFOPLIST_FILE = RecipesTests/Info.plist;
				LD_RUNPATH_SEARCH_PATHS = "$(inherited) @executable_path/Frameworks @loader_path/Frameworks";
				PRODUCT_BUNDLE_IDENTIFIER = JAJ.RecipesTests;
				PRODUCT_NAME = "$(TARGET_NAME)";
				TEST_HOST = "$(BUILT_PRODUCTS_DIR)/Recipes.app/Recipes";
			};
			name = Debug;
		};
		168193851CE15C6C00F0BAD1 /* Release */ = {
			isa = XCBuildConfiguration;
			baseConfigurationReference = E260F663872B40DC5889417A /* Pods-RecipesTests.release.xcconfig */;
			buildSettings = {
				BUNDLE_LOADER = "$(TEST_HOST)";
				INFOPLIST_FILE = RecipesTests/Info.plist;
				LD_RUNPATH_SEARCH_PATHS = "$(inherited) @executable_path/Frameworks @loader_path/Frameworks";
				PRODUCT_BUNDLE_IDENTIFIER = JAJ.RecipesTests;
				PRODUCT_NAME = "$(TARGET_NAME)";
				TEST_HOST = "$(BUILT_PRODUCTS_DIR)/Recipes.app/Recipes";
			};
			name = Release;
		};
		168193871CE15C6C00F0BAD1 /* Debug */ = {
			isa = XCBuildConfiguration;
			baseConfigurationReference = 2E0B812DABEF292FDA1F49C3 /* Pods-RecipesUITests.debug.xcconfig */;
			buildSettings = {
				INFOPLIST_FILE = RecipesUITests/Info.plist;
				LD_RUNPATH_SEARCH_PATHS = "$(inherited) @executable_path/Frameworks @loader_path/Frameworks";
				PRODUCT_BUNDLE_IDENTIFIER = JAJ.RecipesUITests;
				PRODUCT_NAME = "$(TARGET_NAME)";
				TEST_TARGET_NAME = Recipes;
			};
			name = Debug;
		};
		168193881CE15C6C00F0BAD1 /* Release */ = {
			isa = XCBuildConfiguration;
			baseConfigurationReference = 4D281165AEC2024FCB8B59C9 /* Pods-RecipesUITests.release.xcconfig */;
			buildSettings = {
				INFOPLIST_FILE = RecipesUITests/Info.plist;
				LD_RUNPATH_SEARCH_PATHS = "$(inherited) @executable_path/Frameworks @loader_path/Frameworks";
				PRODUCT_BUNDLE_IDENTIFIER = JAJ.RecipesUITests;
				PRODUCT_NAME = "$(TARGET_NAME)";
				TEST_TARGET_NAME = Recipes;
			};
			name = Release;
		};
/* End XCBuildConfiguration section */

/* Begin XCConfigurationList section */
		168193531CE15C6C00F0BAD1 /* Build configuration list for PBXProject "Recipes" */ = {
			isa = XCConfigurationList;
			buildConfigurations = (
				1681937E1CE15C6C00F0BAD1 /* Debug */,
				1681937F1CE15C6C00F0BAD1 /* Release */,
			);
			defaultConfigurationIsVisible = 0;
			defaultConfigurationName = Release;
		};
		168193801CE15C6C00F0BAD1 /* Build configuration list for PBXNativeTarget "Recipes" */ = {
			isa = XCConfigurationList;
			buildConfigurations = (
				168193811CE15C6C00F0BAD1 /* Debug */,
				168193821CE15C6C00F0BAD1 /* Release */,
			);
			defaultConfigurationIsVisible = 0;
			defaultConfigurationName = Release;
		};
		168193831CE15C6C00F0BAD1 /* Build configuration list for PBXNativeTarget "RecipesTests" */ = {
			isa = XCConfigurationList;
			buildConfigurations = (
				168193841CE15C6C00F0BAD1 /* Debug */,
				168193851CE15C6C00F0BAD1 /* Release */,
			);
			defaultConfigurationIsVisible = 0;
			defaultConfigurationName = Release;
		};
		168193861CE15C6C00F0BAD1 /* Build configuration list for PBXNativeTarget "RecipesUITests" */ = {
			isa = XCConfigurationList;
			buildConfigurations = (
				168193871CE15C6C00F0BAD1 /* Debug */,
				168193881CE15C6C00F0BAD1 /* Release */,
			);
			defaultConfigurationIsVisible = 0;
			defaultConfigurationName = Release;
		};
/* End XCConfigurationList section */
	};
	rootObject = 168193501CE15C6C00F0BAD1 /* Project object */;
}
